
Microsoft Visual Studio Solution File, Format Version 12.00
# Visual Studio 2013
VisualStudioVersion = 12.0.31101.0
MinimumVisualStudioVersion = 10.0.40219.1
Project("{888888A0-9F3D-457C-B088-3A5042F75D52}") = "TitanicAnalysisPandas", "TitanicAnalysisPandas\TitanicAnalysisPandas.pyproj", "{5DE126E3-61F8-45AE-94DE-96AC84C41B66}"
EndProject
Global
	GlobalSection(SolutionConfigurationPlatforms) = preSolution
		Debug|Any CPU = Debug|Any CPU
		Release|Any CPU = Release|Any CPU
	EndGlobalSection
	GlobalSection(ProjectConfigurationPlatforms) = postSolution
		{5DE126E3-61F8-45AE-94DE-96AC84C41B66}.Debug|Any CPU.ActiveCfg = Debug|Any CPU
		{5DE126E3-61F8-45AE-94DE-96AC84C41B66}.Release|Any CPU.ActiveCfg = Release|Any CPU
	EndGlobalSection
	GlobalSection(SolutionProperties) = preSolution
		HideSolutionNode = FALSE
	EndGlobalSection
EndGlobal
